
Microsoft Visual Studio Solution File, Format Version 12.00
# Visual Studio Version 17
VisualStudioVersion = 17.7.34221.43
MinimumVisualStudioVersion = 10.0.40219.1
Project("{888888A0-9F3D-457C-B088-3A5042F75D52}") = "Proyecto3-OpenGL", "Proyecto3-OpenGL.pyproj", "{E1C020C2-AB18-447A-8F48-35DCE88D191B}"
EndProject
Global
	GlobalSection(SolutionConfigurationPlatforms) = preSolution
		Debug|Any CPU = Debug|Any CPU
		Release|Any CPU = Release|Any CPU
	EndGlobalSection
	GlobalSection(ProjectConfigurationPlatforms) = postSolution
		{E1C020C2-AB18-447A-8F48-35DCE88D191B}.Debug|Any CPU.ActiveCfg = Debug|Any CPU
		{E1C020C2-AB18-447A-8F48-35DCE88D191B}.Release|Any CPU.ActiveCfg = Release|Any CPU
	EndGlobalSection
	GlobalSection(SolutionProperties) = preSolution
		HideSolutionNode = FALSE
	EndGlobalSection
	GlobalSection(ExtensibilityGlobals) = postSolution
		SolutionGuid = {0AE8C675-02C5-4833-AA41-1E5AF7CC87EA}
	EndGlobalSection
EndGlobal
